
Microsoft Visual Studio Solution File, Format Version 11.00
# Visual Studio 2010
Project("{FAE04EC0-301F-11D3-BF4B-00C04F79EFBC}") = "Assembly-CSharp", "Assembly-CSharp.csproj", "{c003ad59-cc3b-db14-4d5c-8f4ee8a42643}"
EndProject
Project("{FAE04EC0-301F-11D3-BF4B-00C04F79EFBC}") = "Assembly-CSharp-Editor", "Assembly-CSharp-Editor.csproj", "{3a51b647-cc71-1250-da90-a36a55a6abc3}"
EndProject
Global
	GlobalSection(SolutionConfigurationPlatforms) = preSolution
		Debug|Any CPU = Debug|Any CPU
		Release|Any CPU = Release|Any CPU
	EndGlobalSection
	GlobalSection(ProjectConfigurationPlatforms) = postSolution
		{c003ad59-cc3b-db14-4d5c-8f4ee8a42643}.Debug|Any CPU.ActiveCfg = Debug|Any CPU
		{c003ad59-cc3b-db14-4d5c-8f4ee8a42643}.Debug|Any CPU.Build.0 = Debug|Any CPU
		{c003ad59-cc3b-db14-4d5c-8f4ee8a42643}.Release|Any CPU.ActiveCfg = Release|Any CPU
		{c003ad59-cc3b-db14-4d5c-8f4ee8a42643}.Release|Any CPU.Build.0 = Release|Any CPU
		{3a51b647-cc71-1250-da90-a36a55a6abc3}.Debug|Any CPU.ActiveCfg = Debug|Any CPU
		{3a51b647-cc71-1250-da90-a36a55a6abc3}.Debug|Any CPU.Build.0 = Debug|Any CPU
		{3a51b647-cc71-1250-da90-a36a55a6abc3}.Release|Any CPU.ActiveCfg = Release|Any CPU
		{3a51b647-cc71-1250-da90-a36a55a6abc3}.Release|Any CPU.Build.0 = Release|Any CPU
	EndGlobalSection
	GlobalSection(SolutionProperties) = preSolution
		HideSolutionNode = FALSE
	EndGlobalSection
EndGlobal
